<?xml version="1.0" encoding="utf-8"?>
<Project ToolsVersion="4.0" xmlns="http://schemas.microsoft.com/developer/msbuild/2003">
  <ItemGroup>
    <Filter Include="cbz">
      <UniqueIdentifier>{2465880B-906E-887C-19EA-9E7C85F2937C}</UniqueIdentifier>
    </Filter>
    <Filter Include="fitz">
      <UniqueIdentifier>{42CC967C-2E03-980D-D7EF-7D10C305140F}</UniqueIdentifier>
    </Filter>
    <Filter Include="img">
      <UniqueIdentifier>{0280880B-6E89-887C-F704-9F7C630D947C}</UniqueIdentifier>
    </Filter>
    <Filter Include="tiff">
      <UniqueIdentifier>{AE779E7C-9AAE-9F0D-439B-85102FB11B0F}</UniqueIdentifier>
    </Filter>
    <Filter Include="tools">
      <UniqueIdentifier>{36DF7010-A2F3-98C1-6B75-3C21D74895F2}</UniqueIdentifier>
    </Filter>
  </ItemGroup>
  <ItemGroup>
    <ClCompile Include="..\mupdf\source\cbz\mucbz.c">
      <Filter>cbz</Filter>
    </ClCompile>
    <ClCompile Include="..\mupdf\source\fitz\document-all.c">
      <Filter>fitz</Filter>
    </ClCompile>
    <ClCompile Include="..\mupdf\source\fitz\document-no-run.c">
      <Filter>fitz</Filter>
    </ClCompile>
    <ClCompile Include="..\mupdf\source\fitz\output-pcl.c">
      <Filter>fitz</Filter>
    </ClCompile>
    <ClCompile Include="..\mupdf\source\fitz\output-pwg.c">
      <Filter>fitz</Filter>
    </ClCompile>
    <ClCompile Include="..\mupdf\source\fitz\stream-prog.c">
      <Filter>fitz</Filter>
    </ClCompile>
    <ClCompile Include="..\mupdf\source\fitz\svg-device.c">
      <Filter>fitz</Filter>
    </ClCompile>
    <ClCompile Include="..\mupdf\source\fitz\test-device.c">
      <Filter>fitz</Filter>
    </ClCompile>
    <ClCompile Include="..\mupdf\source\img\muimage.c">
      <Filter>img</Filter>
    </ClCompile>
    <ClCompile Include="..\mupdf\source\tiff\mutiff.c">
      <Filter>tiff</Filter>
    </ClCompile>
    <ClCompile Include="..\mupdf\source\tools\mutool.c">
      <Filter>tools</Filter>
    </ClCompile>
    <ClCompile Include="..\mupdf\source\tools\pdfclean.c">
      <Filter>tools</Filter>
    </ClCompile>
    <ClCompile Include="..\mupdf\source\tools\pdfextract.c">
      <Filter>tools</Filter>
    </ClCompile>
    <ClCompile Include="..\mupdf\source\tools\pdfinfo.c">
      <Filter>tools</Filter>
    </ClCompile>
    <ClCompile Include="..\mupdf\source\tools\pdfposter.c">
      <Filter>tools</Filter>
    </ClCompile>
    <ClCompile Include="..\mupdf\source\tools\pdfshow.c">
      <Filter>tools</Filter>
    </ClCompile>
  </ItemGroup>
</Project>