<?xml version="1.0" encoding="utf-8"?>
<Project ToolsVersion="4.0" xmlns="http://schemas.microsoft.com/developer/msbuild/2003">
  <ItemGroup>
    <Filter Include="ext">
      <UniqueIdentifier>{7670880B-E279-887C-6BF5-9E7CD7FD937C}</UniqueIdentifier>
    </Filter>
    <Filter Include="ext\lzma">
      <UniqueIdentifier>{39F81ED9-25C5-79E4-4EDE-678C3A0AAF72}</UniqueIdentifier>
    </Filter>
    <Filter Include="ext\lzma\C">
      <UniqueIdentifier>{CBF0BD9C-B7A8-FFE9-20B0-D8450C879ADA}</UniqueIdentifier>
    </Filter>
    <Filter Include="ext\zlib">
      <UniqueIdentifier>{766926D9-6236-81E4-8B4F-6F8C777BB672}</UniqueIdentifier>
    </Filter>
    <Filter Include="src">
      <UniqueIdentifier>{2DAB880B-99B4-887C-2230-9F7C8E38947C}</UniqueIdentifier>
    </Filter>
    <Filter Include="src\base">
      <UniqueIdentifier>{F7972DCF-E364-88DA-0C7E-7682F8A9BD68}</UniqueIdentifier>
    </Filter>
    <Filter Include="src\tools">
      <UniqueIdentifier>{8DED2DB6-F957-E22C-4296-93D2AE3FC081}</UniqueIdentifier>
    </Filter>
  </ItemGroup>
  <ItemGroup>
    <ClInclude Include="..\src\base\Arena.h">
      <Filter>src\base</Filter>
    </ClInclude>
    <ClInclude Include="..\src\base\Base.h">
      <Filter>src\base</Filter>
    </ClInclude>
    <ClInclude Include="..\src\base\ByteOrderDecoder.h">
      <Filter>src\base</Filter>
    </ClInclude>
    <ClInclude Include="..\src\base\ByteWriter.h">
      <Filter>src\base</Filter>
    </ClInclude>
    <ClInclude Include="..\src\base\CmdLineArgsIter.h">
      <Filter>src\base</Filter>
    </ClInclude>
    <ClInclude Include="..\src\base\Color.h">
      <Filter>src\base</Filter>
    </ClInclude>
    <ClInclude Include="..\src\base\DirIter.h">
      <Filter>src\base</Filter>
    </ClInclude>
    <ClInclude Include="..\src\base\Dpi.h">
      <Filter>src\base</Filter>
    </ClInclude>
    <ClInclude Include="..\src\base\File.h">
      <Filter>src\base</Filter>
    </ClInclude>
    <ClInclude Include="..\src\base\Geom.h">
      <Filter>src\base</Filter>
    </ClInclude>
    <ClInclude Include="..\src\base\Log.h">
      <Filter>src\base</Filter>
    </ClInclude>
    <ClInclude Include="..\src\base\LzmaSimpleArchive.h">
      <Filter>src\base</Filter>
    </ClInclude>
    <ClInclude Include="..\src\base\Str.h">
      <Filter>src\base</Filter>
    </ClInclude>
    <ClInclude Include="..\src\base\StrFormatParse.h">
      <Filter>src\base</Filter>
    </ClInclude>
    <ClInclude Include="..\src\base\StrQueue.h">
      <Filter>src\base</Filter>
    </ClInclude>
    <ClInclude Include="..\src\base\StrUtf8.h">
      <Filter>src\base</Filter>
    </ClInclude>
    <ClInclude Include="..\src\base\StrVec.h">
      <Filter>src\base</Filter>
    </ClInclude>
    <ClInclude Include="..\src\base\Strconv.h">
      <Filter>src\base</Filter>
    </ClInclude>
    <ClInclude Include="..\src\base\Thread.h">
      <Filter>src\base</Filter>
    </ClInclude>
    <ClInclude Include="..\src\base\Win.h">
      <Filter>src\base</Filter>
    </ClInclude>
    <ClInclude Include="..\src\base\WinDynCalls.h">
      <Filter>src\base</Filter>
    </ClInclude>
  </ItemGroup>
  <ItemGroup>
    <ClCompile Include="..\ext\lzma\C\Bra86.c">
      <Filter>ext\lzma\C</Filter>
    </ClCompile>
    <ClCompile Include="..\ext\lzma\C\LzFind.c">
      <Filter>ext\lzma\C</Filter>
    </ClCompile>
    <ClCompile Include="..\ext\lzma\C\LzmaDec.c">
      <Filter>ext\lzma\C</Filter>
    </ClCompile>
    <ClCompile Include="..\ext\lzma\C\LzmaEnc.c">
      <Filter>ext\lzma\C</Filter>
    </ClCompile>
    <ClCompile Include="..\ext\zlib\adler32.c">
      <Filter>ext\zlib</Filter>
    </ClCompile>
    <ClCompile Include="..\ext\zlib\compress.c">
      <Filter>ext\zlib</Filter>
    </ClCompile>
    <ClCompile Include="..\ext\zlib\crc32.c">
      <Filter>ext\zlib</Filter>
    </ClCompile>
    <ClCompile Include="..\ext\zlib\deflate.c">
      <Filter>ext\zlib</Filter>
    </ClCompile>
    <ClCompile Include="..\ext\zlib\gzclose.c">
      <Filter>ext\zlib</Filter>
    </ClCompile>
    <ClCompile Include="..\ext\zlib\gzlib.c">
      <Filter>ext\zlib</Filter>
    </ClCompile>
    <ClCompile Include="..\ext\zlib\gzread.c">
      <Filter>ext\zlib</Filter>
    </ClCompile>
    <ClCompile Include="..\ext\zlib\gzwrite.c">
      <Filter>ext\zlib</Filter>
    </ClCompile>
    <ClCompile Include="..\ext\zlib\inffast.c">
      <Filter>ext\zlib</Filter>
    </ClCompile>
    <ClCompile Include="..\ext\zlib\inflate.c">
      <Filter>ext\zlib</Filter>
    </ClCompile>
    <ClCompile Include="..\ext\zlib\inftrees.c">
      <Filter>ext\zlib</Filter>
    </ClCompile>
    <ClCompile Include="..\ext\zlib\trees.c">
      <Filter>ext\zlib</Filter>
    </ClCompile>
    <ClCompile Include="..\ext\zlib\zutil.c">
      <Filter>ext\zlib</Filter>
    </ClCompile>
    <ClCompile Include="..\src\CrashHandlerNoOp.cpp">
      <Filter>src</Filter>
    </ClCompile>
    <ClCompile Include="..\src\base\Arena.cpp">
      <Filter>src\base</Filter>
    </ClCompile>
    <ClCompile Include="..\src\base\Arena_win.cpp">
      <Filter>src\base</Filter>
    </ClCompile>
    <ClCompile Include="..\src\base\Base.cpp">
      <Filter>src\base</Filter>
    </ClCompile>
    <ClCompile Include="..\src\base\Base_win.cpp">
      <Filter>src\base</Filter>
    </ClCompile>
    <ClCompile Include="..\src\base\ByteOrderDecoder.cpp">
      <Filter>src\base</Filter>
    </ClCompile>
    <ClCompile Include="..\src\base\ByteWriter.cpp">
      <Filter>src\base</Filter>
    </ClCompile>
    <ClCompile Include="..\src\base\CmdLineArgsIter.cpp">
      <Filter>src\base</Filter>
    </ClCompile>
    <ClCompile Include="..\src\base\Color.cpp">
      <Filter>src\base</Filter>
    </ClCompile>
    <ClCompile Include="..\src\base\DirIter.cpp">
      <Filter>src\base</Filter>
    </ClCompile>
    <ClCompile Include="..\src\base\Dpi.cpp">
      <Filter>src\base</Filter>
    </ClCompile>
    <ClCompile Include="..\src\base\File.cpp">
      <Filter>src\base</Filter>
    </ClCompile>
    <ClCompile Include="..\src\base\File_win.cpp">
      <Filter>src\base</Filter>
    </ClCompile>
    <ClCompile Include="..\src\base\Geom.cpp">
      <Filter>src\base</Filter>
    </ClCompile>
    <ClCompile Include="..\src\base\LogNoOp.cpp">
      <Filter>src\base</Filter>
    </ClCompile>
    <ClCompile Include="..\src\base\LzmaSimpleArchive.cpp">
      <Filter>src\base</Filter>
    </ClCompile>
    <ClCompile Include="..\src\base\Str.cpp">
      <Filter>src\base</Filter>
    </ClCompile>
    <ClCompile Include="..\src\base\StrFormatParse.cpp">
      <Filter>src\base</Filter>
    </ClCompile>
    <ClCompile Include="..\src\base\StrQueue.cpp">
      <Filter>src\base</Filter>
    </ClCompile>
    <ClCompile Include="..\src\base\StrUtf8.cpp">
      <Filter>src\base</Filter>
    </ClCompile>
    <ClCompile Include="..\src\base\StrVec.cpp">
      <Filter>src\base</Filter>
    </ClCompile>
    <ClCompile Include="..\src\base\Strconv.cpp">
      <Filter>src\base</Filter>
    </ClCompile>
    <ClCompile Include="..\src\base\Thread.cpp">
      <Filter>src\base</Filter>
    </ClCompile>
    <ClCompile Include="..\src\base\Win.cpp">
      <Filter>src\base</Filter>
    </ClCompile>
    <ClCompile Include="..\src\base\WinDynCalls.cpp">
      <Filter>src\base</Filter>
    </ClCompile>
    <ClCompile Include="..\src\tools\MakeLzSA.cpp">
      <Filter>src\tools</Filter>
    </ClCompile>
  </ItemGroup>
</Project>