<?xml version="1.0" encoding="utf-8"?>
<Project ToolsVersion="4.0" xmlns="http://schemas.microsoft.com/developer/msbuild/2003">
  <ItemGroup>
    <Filter Include="Source Files">
      <UniqueIdentifier>{4d7a0b48-a0a5-4794-b397-a5af8e5f0385}</UniqueIdentifier>
    </Filter>
    <Filter Include="Source Files\vtls">
      <UniqueIdentifier>{b5d9a2a4-5044-4edf-bfff-ed6b569da1d6}</UniqueIdentifier>
    </Filter>
    <Filter Include="Source Files\vauth">
      <UniqueIdentifier>{f8f41042-21ed-428d-ae7f-ae8fd40c5bb3}</UniqueIdentifier>
    </Filter>
    <Filter Include="Header Files">
      <UniqueIdentifier>{08771859-5ea7-48f9-9c33-21a015c4a050}</UniqueIdentifier>
    </Filter>
    <Filter Include="Resource Files">
      <UniqueIdentifier>{633f5bc9-17b0-44d8-af9e-494a2f9c3d6d}</UniqueIdentifier>
    </Filter>
  </ItemGroup>
  <ItemGroup>
    <ClCompile Include="..\..\thirdparty\curl\lib\altsvc.c">
      <Filter>Source Files</Filter>
    </ClCompile>
    <ClCompile Include="..\..\thirdparty\curl\lib\amigaos.c">
      <Filter>Source Files</Filter>
    </ClCompile>
    <ClCompile Include="..\..\thirdparty\curl\lib\asyn-ares.c">
      <Filter>Source Files</Filter>
    </ClCompile>
    <ClCompile Include="..\..\thirdparty\curl\lib\asyn-thread.c">
      <Filter>Source Files</Filter>
    </ClCompile>
    <ClCompile Include="..\..\thirdparty\curl\lib\base64.c">
      <Filter>Source Files</Filter>
    </ClCompile>
    <ClCompile Include="..\..\thirdparty\curl\lib\conncache.c">
      <Filter>Source Files</Filter>
    </ClCompile>
    <ClCompile Include="..\..\thirdparty\curl\lib\connect.c">
      <Filter>Source Files</Filter>
    </ClCompile>
    <ClCompile Include="..\..\thirdparty\curl\lib\content_encoding.c">
      <Filter>Source Files</Filter>
    </ClCompile>
    <ClCompile Include="..\..\thirdparty\curl\lib\cookie.c">
      <Filter>Source Files</Filter>
    </ClCompile>
    <ClCompile Include="..\..\thirdparty\curl\lib\curl_addrinfo.c">
      <Filter>Source Files</Filter>
    </ClCompile>
    <ClCompile Include="..\..\thirdparty\curl\lib\curl_ctype.c">
      <Filter>Source Files</Filter>
    </ClCompile>
    <ClCompile Include="..\..\thirdparty\curl\lib\curl_des.c">
      <Filter>Source Files</Filter>
    </ClCompile>
    <ClCompile Include="..\..\thirdparty\curl\lib\curl_endian.c">
      <Filter>Source Files</Filter>
    </ClCompile>
    <ClCompile Include="..\..\thirdparty\curl\lib\curl_fnmatch.c">
      <Filter>Source Files</Filter>
    </ClCompile>
    <ClCompile Include="..\..\thirdparty\curl\lib\curl_gethostname.c">
      <Filter>Source Files</Filter>
    </ClCompile>
    <ClCompile Include="..\..\thirdparty\curl\lib\curl_gssapi.c">
      <Filter>Source Files</Filter>
    </ClCompile>
    <ClCompile Include="..\..\thirdparty\curl\lib\curl_memrchr.c">
      <Filter>Source Files</Filter>
    </ClCompile>
    <ClCompile Include="..\..\thirdparty\curl\lib\curl_multibyte.c">
      <Filter>Source Files</Filter>
    </ClCompile>
    <ClCompile Include="..\..\thirdparty\curl\lib\curl_ntlm_core.c">
      <Filter>Source Files</Filter>
    </ClCompile>
    <ClCompile Include="..\..\thirdparty\curl\lib\curl_ntlm_wb.c">
      <Filter>Source Files</Filter>
    </ClCompile>
    <ClCompile Include="..\..\thirdparty\curl\lib\curl_path.c">
      <Filter>Source Files</Filter>
    </ClCompile>
    <ClCompile Include="..\..\thirdparty\curl\lib\curl_range.c">
      <Filter>Source Files</Filter>
    </ClCompile>
    <ClCompile Include="..\..\thirdparty\curl\lib\curl_rtmp.c">
      <Filter>Source Files</Filter>
    </ClCompile>
    <ClCompile Include="..\..\thirdparty\curl\lib\curl_sasl.c">
      <Filter>Source Files</Filter>
    </ClCompile>
    <ClCompile Include="..\..\thirdparty\curl\lib\curl_sspi.c">
      <Filter>Source Files</Filter>
    </ClCompile>
    <ClCompile Include="..\..\thirdparty\curl\lib\curl_threads.c">
      <Filter>Source Files</Filter>
    </ClCompile>
    <ClCompile Include="..\..\thirdparty\curl\lib\dict.c">
      <Filter>Source Files</Filter>
    </ClCompile>
    <ClCompile Include="..\..\thirdparty\curl\lib\doh.c">
      <Filter>Source Files</Filter>
    </ClCompile>
    <ClCompile Include="..\..\thirdparty\curl\lib\dotdot.c">
      <Filter>Source Files</Filter>
    </ClCompile>
    <ClCompile Include="..\..\thirdparty\curl\lib\easy.c">
      <Filter>Source Files</Filter>
    </ClCompile>
    <ClCompile Include="..\..\thirdparty\curl\lib\escape.c">
      <Filter>Source Files</Filter>
    </ClCompile>
    <ClCompile Include="..\..\thirdparty\curl\lib\file.c">
      <Filter>Source Files</Filter>
    </ClCompile>
    <ClCompile Include="..\..\thirdparty\curl\lib\fileinfo.c">
      <Filter>Source Files</Filter>
    </ClCompile>
    <ClCompile Include="..\..\thirdparty\curl\lib\formdata.c">
      <Filter>Source Files</Filter>
    </ClCompile>
    <ClCompile Include="..\..\thirdparty\curl\lib\ftp.c">
      <Filter>Source Files</Filter>
    </ClCompile>
    <ClCompile Include="..\..\thirdparty\curl\lib\ftplistparser.c">
      <Filter>Source Files</Filter>
    </ClCompile>
    <ClCompile Include="..\..\thirdparty\curl\lib\getenv.c">
      <Filter>Source Files</Filter>
    </ClCompile>
    <ClCompile Include="..\..\thirdparty\curl\lib\getinfo.c">
      <Filter>Source Files</Filter>
    </ClCompile>
    <ClCompile Include="..\..\thirdparty\curl\lib\gopher.c">
      <Filter>Source Files</Filter>
    </ClCompile>
    <ClCompile Include="..\..\thirdparty\curl\lib\hash.c">
      <Filter>Source Files</Filter>
    </ClCompile>
    <ClCompile Include="..\..\thirdparty\curl\lib\hmac.c">
      <Filter>Source Files</Filter>
    </ClCompile>
    <ClCompile Include="..\..\thirdparty\curl\lib\hostasyn.c">
      <Filter>Source Files</Filter>
    </ClCompile>
    <ClCompile Include="..\..\thirdparty\curl\lib\hostcheck.c">
      <Filter>Source Files</Filter>
    </ClCompile>
    <ClCompile Include="..\..\thirdparty\curl\lib\hostip.c">
      <Filter>Source Files</Filter>
    </ClCompile>
    <ClCompile Include="..\..\thirdparty\curl\lib\hostip4.c">
      <Filter>Source Files</Filter>
    </ClCompile>
    <ClCompile Include="..\..\thirdparty\curl\lib\hostip6.c">
      <Filter>Source Files</Filter>
    </ClCompile>
    <ClCompile Include="..\..\thirdparty\curl\lib\hostsyn.c">
      <Filter>Source Files</Filter>
    </ClCompile>
    <ClCompile Include="..\..\thirdparty\curl\lib\http.c">
      <Filter>Source Files</Filter>
    </ClCompile>
    <ClCompile Include="..\..\thirdparty\curl\lib\http2.c">
      <Filter>Source Files</Filter>
    </ClCompile>
    <ClCompile Include="..\..\thirdparty\curl\lib\http_chunks.c">
      <Filter>Source Files</Filter>
    </ClCompile>
    <ClCompile Include="..\..\thirdparty\curl\lib\http_digest.c">
      <Filter>Source Files</Filter>
    </ClCompile>
    <ClCompile Include="..\..\thirdparty\curl\lib\http_negotiate.c">
      <Filter>Source Files</Filter>
    </ClCompile>
    <ClCompile Include="..\..\thirdparty\curl\lib\http_ntlm.c">
      <Filter>Source Files</Filter>
    </ClCompile>
    <ClCompile Include="..\..\thirdparty\curl\lib\http_proxy.c">
      <Filter>Source Files</Filter>
    </ClCompile>
    <ClCompile Include="..\..\thirdparty\curl\lib\idn_win32.c">
      <Filter>Source Files</Filter>
    </ClCompile>
    <ClCompile Include="..\..\thirdparty\curl\lib\if2ip.c">
      <Filter>Source Files</Filter>
    </ClCompile>
    <ClCompile Include="..\..\thirdparty\curl\lib\imap.c">
      <Filter>Source Files</Filter>
    </ClCompile>
    <ClCompile Include="..\..\thirdparty\curl\lib\inet_ntop.c">
      <Filter>Source Files</Filter>
    </ClCompile>
    <ClCompile Include="..\..\thirdparty\curl\lib\inet_pton.c">
      <Filter>Source Files</Filter>
    </ClCompile>
    <ClCompile Include="..\..\thirdparty\curl\lib\krb5.c">
      <Filter>Source Files</Filter>
    </ClCompile>
    <ClCompile Include="..\..\thirdparty\curl\lib\ldap.c">
      <Filter>Source Files</Filter>
    </ClCompile>
    <ClCompile Include="..\..\thirdparty\curl\lib\llist.c">
      <Filter>Source Files</Filter>
    </ClCompile>
    <ClCompile Include="..\..\thirdparty\curl\lib\md4.c">
      <Filter>Source Files</Filter>
    </ClCompile>
    <ClCompile Include="..\..\thirdparty\curl\lib\md5.c">
      <Filter>Source Files</Filter>
    </ClCompile>
    <ClCompile Include="..\..\thirdparty\curl\lib\memdebug.c">
      <Filter>Source Files</Filter>
    </ClCompile>
    <ClCompile Include="..\..\thirdparty\curl\lib\mime.c">
      <Filter>Source Files</Filter>
    </ClCompile>
    <ClCompile Include="..\..\thirdparty\curl\lib\mprintf.c">
      <Filter>Source Files</Filter>
    </ClCompile>
    <ClCompile Include="..\..\thirdparty\curl\lib\multi.c">
      <Filter>Source Files</Filter>
    </ClCompile>
    <ClCompile Include="..\..\thirdparty\curl\lib\netrc.c">
      <Filter>Source Files</Filter>
    </ClCompile>
    <ClCompile Include="..\..\thirdparty\curl\lib\non-ascii.c">
      <Filter>Source Files</Filter>
    </ClCompile>
    <ClCompile Include="..\..\thirdparty\curl\lib\nonblock.c">
      <Filter>Source Files</Filter>
    </ClCompile>
    <ClCompile Include="..\..\thirdparty\curl\lib\nwlib.c">
      <Filter>Source Files</Filter>
    </ClCompile>
    <ClCompile Include="..\..\thirdparty\curl\lib\nwos.c">
      <Filter>Source Files</Filter>
    </ClCompile>
    <ClCompile Include="..\..\thirdparty\curl\lib\openldap.c">
      <Filter>Source Files</Filter>
    </ClCompile>
    <ClCompile Include="..\..\thirdparty\curl\lib\parsedate.c">
      <Filter>Source Files</Filter>
    </ClCompile>
    <ClCompile Include="..\..\thirdparty\curl\lib\pingpong.c">
      <Filter>Source Files</Filter>
    </ClCompile>
    <ClCompile Include="..\..\thirdparty\curl\lib\pop3.c">
      <Filter>Source Files</Filter>
    </ClCompile>
    <ClCompile Include="..\..\thirdparty\curl\lib\progress.c">
      <Filter>Source Files</Filter>
    </ClCompile>
    <ClCompile Include="..\..\thirdparty\curl\lib\psl.c">
      <Filter>Source Files</Filter>
    </ClCompile>
    <ClCompile Include="..\..\thirdparty\curl\lib\rand.c">
      <Filter>Source Files</Filter>
    </ClCompile>
    <ClCompile Include="..\..\thirdparty\curl\lib\rtsp.c">
      <Filter>Source Files</Filter>
    </ClCompile>
    <ClCompile Include="..\..\thirdparty\curl\lib\security.c">
      <Filter>Source Files</Filter>
    </ClCompile>
    <ClCompile Include="..\..\thirdparty\curl\lib\select.c">
      <Filter>Source Files</Filter>
    </ClCompile>
    <ClCompile Include="..\..\thirdparty\curl\lib\sendf.c">
      <Filter>Source Files</Filter>
    </ClCompile>
    <ClCompile Include="..\..\thirdparty\curl\lib\setopt.c">
      <Filter>Source Files</Filter>
    </ClCompile>
    <ClCompile Include="..\..\thirdparty\curl\lib\sha256.c">
      <Filter>Source Files</Filter>
    </ClCompile>
    <ClCompile Include="..\..\thirdparty\curl\lib\share.c">
      <Filter>Source Files</Filter>
    </ClCompile>
    <ClCompile Include="..\..\thirdparty\curl\lib\slist.c">
      <Filter>Source Files</Filter>
    </ClCompile>
    <ClCompile Include="..\..\thirdparty\curl\lib\smb.c">
      <Filter>Source Files</Filter>
    </ClCompile>
    <ClCompile Include="..\..\thirdparty\curl\lib\smtp.c">
      <Filter>Source Files</Filter>
    </ClCompile>
    <ClCompile Include="..\..\thirdparty\curl\lib\socks.c">
      <Filter>Source Files</Filter>
    </ClCompile>
    <ClCompile Include="..\..\thirdparty\curl\lib\socks_gssapi.c">
      <Filter>Source Files</Filter>
    </ClCompile>
    <ClCompile Include="..\..\thirdparty\curl\lib\socks_sspi.c">
      <Filter>Source Files</Filter>
    </ClCompile>
    <ClCompile Include="..\..\thirdparty\curl\lib\speedcheck.c">
      <Filter>Source Files</Filter>
    </ClCompile>
    <ClCompile Include="..\..\thirdparty\curl\lib\splay.c">
      <Filter>Source Files</Filter>
    </ClCompile>
    <ClCompile Include="..\..\thirdparty\curl\lib\strcase.c">
      <Filter>Source Files</Filter>
    </ClCompile>
    <ClCompile Include="..\..\thirdparty\curl\lib\strdup.c">
      <Filter>Source Files</Filter>
    </ClCompile>
    <ClCompile Include="..\..\thirdparty\curl\lib\strerror.c">
      <Filter>Source Files</Filter>
    </ClCompile>
    <ClCompile Include="..\..\thirdparty\curl\lib\strtok.c">
      <Filter>Source Files</Filter>
    </ClCompile>
    <ClCompile Include="..\..\thirdparty\curl\lib\strtoofft.c">
      <Filter>Source Files</Filter>
    </ClCompile>
    <ClCompile Include="..\..\thirdparty\curl\lib\system_win32.c">
      <Filter>Source Files</Filter>
    </ClCompile>
    <ClCompile Include="..\..\thirdparty\curl\lib\telnet.c">
      <Filter>Source Files</Filter>
    </ClCompile>
    <ClCompile Include="..\..\thirdparty\curl\lib\tftp.c">
      <Filter>Source Files</Filter>
    </ClCompile>
    <ClCompile Include="..\..\thirdparty\curl\lib\timeval.c">
      <Filter>Source Files</Filter>
    </ClCompile>
    <ClCompile Include="..\..\thirdparty\curl\lib\transfer.c">
      <Filter>Source Files</Filter>
    </ClCompile>
    <ClCompile Include="..\..\thirdparty\curl\lib\url.c">
      <Filter>Source Files</Filter>
    </ClCompile>
    <ClCompile Include="..\..\thirdparty\curl\lib\urlapi.c">
      <Filter>Source Files</Filter>
    </ClCompile>
    <ClCompile Include="..\..\thirdparty\curl\lib\version.c">
      <Filter>Source Files</Filter>
    </ClCompile>
    <ClCompile Include="..\..\thirdparty\curl\lib\warnless.c">
      <Filter>Source Files</Filter>
    </ClCompile>
    <ClCompile Include="..\..\thirdparty\curl\lib\wildcard.c">
      <Filter>Source Files</Filter>
    </ClCompile>
    <ClCompile Include="..\..\thirdparty\curl\lib\x509asn1.c">
      <Filter>Source Files</Filter>
    </ClCompile>
    <ClCompile Include="..\..\thirdparty\curl\lib\vtls\gskit.c">
      <Filter>Source Files\vtls</Filter>
    </ClCompile>
    <ClCompile Include="..\..\thirdparty\curl\lib\vtls\gtls.c">
      <Filter>Source Files\vtls</Filter>
    </ClCompile>
    <ClCompile Include="..\..\thirdparty\curl\lib\vtls\mbedtls.c">
      <Filter>Source Files\vtls</Filter>
    </ClCompile>
    <ClCompile Include="..\..\thirdparty\curl\lib\vtls\mesalink.c">
      <Filter>Source Files\vtls</Filter>
    </ClCompile>
    <ClCompile Include="..\..\thirdparty\curl\lib\vtls\nss.c">
      <Filter>Source Files\vtls</Filter>
    </ClCompile>
    <ClCompile Include="..\..\thirdparty\curl\lib\vtls\openssl.c">
      <Filter>Source Files\vtls</Filter>
    </ClCompile>
    <ClCompile Include="..\..\thirdparty\curl\lib\vtls\polarssl.c">
      <Filter>Source Files\vtls</Filter>
    </ClCompile>
    <ClCompile Include="..\..\thirdparty\curl\lib\vtls\polarssl_threadlock.c">
      <Filter>Source Files\vtls</Filter>
    </ClCompile>
    <ClCompile Include="..\..\thirdparty\curl\lib\vtls\schannel.c">
      <Filter>Source Files\vtls</Filter>
    </ClCompile>
    <ClCompile Include="..\..\thirdparty\curl\lib\vtls\schannel_verify.c">
      <Filter>Source Files\vtls</Filter>
    </ClCompile>
    <ClCompile Include="..\..\thirdparty\curl\lib\vtls\sectransp.c">
      <Filter>Source Files\vtls</Filter>
    </ClCompile>
    <ClCompile Include="..\..\thirdparty\curl\lib\vtls\vtls.c">
      <Filter>Source Files\vtls</Filter>
    </ClCompile>
    <ClCompile Include="..\..\thirdparty\curl\lib\vauth\cleartext.c">
      <Filter>Source Files\vauth</Filter>
    </ClCompile>
    <ClCompile Include="..\..\thirdparty\curl\lib\vauth\cram.c">
      <Filter>Source Files\vauth</Filter>
    </ClCompile>
    <ClCompile Include="..\..\thirdparty\curl\lib\vauth\digest.c">
      <Filter>Source Files\vauth</Filter>
    </ClCompile>
    <ClCompile Include="..\..\thirdparty\curl\lib\vauth\digest_sspi.c">
      <Filter>Source Files\vauth</Filter>
    </ClCompile>
    <ClCompile Include="..\..\thirdparty\curl\lib\vauth\krb5_gssapi.c">
      <Filter>Source Files\vauth</Filter>
    </ClCompile>
    <ClCompile Include="..\..\thirdparty\curl\lib\vauth\krb5_sspi.c">
      <Filter>Source Files\vauth</Filter>
    </ClCompile>
    <ClCompile Include="..\..\thirdparty\curl\lib\vauth\ntlm.c">
      <Filter>Source Files\vauth</Filter>
    </ClCompile>
    <ClCompile Include="..\..\thirdparty\curl\lib\vauth\ntlm_sspi.c">
      <Filter>Source Files\vauth</Filter>
    </ClCompile>
    <ClCompile Include="..\..\thirdparty\curl\lib\vauth\oauth2.c">
      <Filter>Source Files\vauth</Filter>
    </ClCompile>
    <ClCompile Include="..\..\thirdparty\curl\lib\vauth\spnego_gssapi.c">
      <Filter>Source Files\vauth</Filter>
    </ClCompile>
    <ClCompile Include="..\..\thirdparty\curl\lib\vauth\spnego_sspi.c">
      <Filter>Source Files\vauth</Filter>
    </ClCompile>
    <ClCompile Include="..\..\thirdparty\curl\lib\vauth\vauth.c">
      <Filter>Source Files\vauth</Filter>
    </ClCompile>
    <ClCompile Include="..\..\thirdparty\curl\lib\curl_get_line.c">
      <Filter>Source Files</Filter>
    </ClCompile>
    <ClCompile Include="..\..\thirdparty\curl\lib\vtls\wolfssl.c">
      <Filter>Source Files\vtls</Filter>
    </ClCompile>
  </ItemGroup>
  <ItemGroup>
    <ClInclude Include="..\..\thirdparty\curl\lib\altsvc.h">
      <Filter>Source Files</Filter>
    </ClInclude>
    <ClInclude Include="..\..\thirdparty\curl\lib\amigaos.h">
      <Filter>Source Files</Filter>
    </ClInclude>
    <ClInclude Include="..\..\thirdparty\curl\lib\arpa_telnet.h">
      <Filter>Source Files</Filter>
    </ClInclude>
    <ClInclude Include="..\..\thirdparty\curl\lib\asyn.h">
      <Filter>Source Files</Filter>
    </ClInclude>
    <ClInclude Include="..\..\thirdparty\curl\lib\config-amigaos.h">
      <Filter>Source Files</Filter>
    </ClInclude>
    <ClInclude Include="..\..\thirdparty\curl\lib\config-dos.h">
      <Filter>Source Files</Filter>
    </ClInclude>
    <ClInclude Include="..\..\thirdparty\curl\lib\config-mac.h">
      <Filter>Source Files</Filter>
    </ClInclude>
    <ClInclude Include="..\..\thirdparty\curl\lib\config-os400.h">
      <Filter>Source Files</Filter>
    </ClInclude>
    <ClInclude Include="..\..\thirdparty\curl\lib\config-riscos.h">
      <Filter>Source Files</Filter>
    </ClInclude>
    <ClInclude Include="..\..\thirdparty\curl\lib\config-symbian.h">
      <Filter>Source Files</Filter>
    </ClInclude>
    <ClInclude Include="..\..\thirdparty\curl\lib\config-tpf.h">
      <Filter>Source Files</Filter>
    </ClInclude>
    <ClInclude Include="..\..\thirdparty\curl\lib\config-vxworks.h">
      <Filter>Source Files</Filter>
    </ClInclude>
    <ClInclude Include="..\..\thirdparty\curl\lib\config-win32.h">
      <Filter>Source Files</Filter>
    </ClInclude>
    <ClInclude Include="..\..\thirdparty\curl\lib\config-win32ce.h">
      <Filter>Source Files</Filter>
    </ClInclude>
    <ClInclude Include="..\..\thirdparty\curl\lib\conncache.h">
      <Filter>Source Files</Filter>
    </ClInclude>
    <ClInclude Include="..\..\thirdparty\curl\lib\connect.h">
      <Filter>Source Files</Filter>
    </ClInclude>
    <ClInclude Include="..\..\thirdparty\curl\lib\content_encoding.h">
      <Filter>Source Files</Filter>
    </ClInclude>
    <ClInclude Include="..\..\thirdparty\curl\lib\cookie.h">
      <Filter>Source Files</Filter>
    </ClInclude>
    <ClInclude Include="..\..\thirdparty\curl\lib\curl_addrinfo.h">
      <Filter>Source Files</Filter>
    </ClInclude>
    <ClInclude Include="..\..\thirdparty\curl\lib\curl_base64.h">
      <Filter>Source Files</Filter>
    </ClInclude>
    <ClInclude Include="..\..\thirdparty\curl\lib\curl_ctype.h">
      <Filter>Source Files</Filter>
    </ClInclude>
    <ClInclude Include="..\..\thirdparty\curl\lib\curl_des.h">
      <Filter>Source Files</Filter>
    </ClInclude>
    <ClInclude Include="..\..\thirdparty\curl\lib\curl_endian.h">
      <Filter>Source Files</Filter>
    </ClInclude>
    <ClInclude Include="..\..\thirdparty\curl\lib\curl_fnmatch.h">
      <Filter>Source Files</Filter>
    </ClInclude>
    <ClInclude Include="..\..\thirdparty\curl\lib\curl_gethostname.h">
      <Filter>Source Files</Filter>
    </ClInclude>
    <ClInclude Include="..\..\thirdparty\curl\lib\curl_gssapi.h">
      <Filter>Source Files</Filter>
    </ClInclude>
    <ClInclude Include="..\..\thirdparty\curl\lib\curl_hmac.h">
      <Filter>Source Files</Filter>
    </ClInclude>
    <ClInclude Include="..\..\thirdparty\curl\lib\curl_ldap.h">
      <Filter>Source Files</Filter>
    </ClInclude>
    <ClInclude Include="..\..\thirdparty\curl\lib\curl_md4.h">
      <Filter>Source Files</Filter>
    </ClInclude>
    <ClInclude Include="..\..\thirdparty\curl\lib\curl_md5.h">
      <Filter>Source Files</Filter>
    </ClInclude>
    <ClInclude Include="..\..\thirdparty\curl\lib\curl_memory.h">
      <Filter>Source Files</Filter>
    </ClInclude>
    <ClInclude Include="..\..\thirdparty\curl\lib\curl_memrchr.h">
      <Filter>Source Files</Filter>
    </ClInclude>
    <ClInclude Include="..\..\thirdparty\curl\lib\curl_multibyte.h">
      <Filter>Source Files</Filter>
    </ClInclude>
    <ClInclude Include="..\..\thirdparty\curl\lib\curl_ntlm_core.h">
      <Filter>Source Files</Filter>
    </ClInclude>
    <ClInclude Include="..\..\thirdparty\curl\lib\curl_ntlm_wb.h">
      <Filter>Source Files</Filter>
    </ClInclude>
    <ClInclude Include="..\..\thirdparty\curl\lib\curl_path.h">
      <Filter>Source Files</Filter>
    </ClInclude>
    <ClInclude Include="..\..\thirdparty\curl\lib\curl_printf.h">
      <Filter>Source Files</Filter>
    </ClInclude>
    <ClInclude Include="..\..\thirdparty\curl\lib\curl_range.h">
      <Filter>Source Files</Filter>
    </ClInclude>
    <ClInclude Include="..\..\thirdparty\curl\lib\curl_rtmp.h">
      <Filter>Source Files</Filter>
    </ClInclude>
    <ClInclude Include="..\..\thirdparty\curl\lib\curl_sasl.h">
      <Filter>Source Files</Filter>
    </ClInclude>
    <ClInclude Include="..\..\thirdparty\curl\lib\curl_sec.h">
      <Filter>Source Files</Filter>
    </ClInclude>
    <ClInclude Include="..\..\thirdparty\curl\lib\curl_setup.h">
      <Filter>Source Files</Filter>
    </ClInclude>
    <ClInclude Include="..\..\thirdparty\curl\lib\curl_setup_once.h">
      <Filter>Source Files</Filter>
    </ClInclude>
    <ClInclude Include="..\..\thirdparty\curl\lib\curl_sha256.h">
      <Filter>Source Files</Filter>
    </ClInclude>
    <ClInclude Include="..\..\thirdparty\curl\lib\curl_sspi.h">
      <Filter>Source Files</Filter>
    </ClInclude>
    <ClInclude Include="..\..\thirdparty\curl\lib\curl_threads.h">
      <Filter>Source Files</Filter>
    </ClInclude>
    <ClInclude Include="..\..\thirdparty\curl\lib\curlx.h">
      <Filter>Source Files</Filter>
    </ClInclude>
    <ClInclude Include="..\..\thirdparty\curl\lib\dict.h">
      <Filter>Source Files</Filter>
    </ClInclude>
    <ClInclude Include="..\..\thirdparty\curl\lib\doh.h">
      <Filter>Source Files</Filter>
    </ClInclude>
    <ClInclude Include="..\..\thirdparty\curl\lib\dotdot.h">
      <Filter>Source Files</Filter>
    </ClInclude>
    <ClInclude Include="..\..\thirdparty\curl\lib\easyif.h">
      <Filter>Source Files</Filter>
    </ClInclude>
    <ClInclude Include="..\..\thirdparty\curl\lib\escape.h">
      <Filter>Source Files</Filter>
    </ClInclude>
    <ClInclude Include="..\..\thirdparty\curl\lib\file.h">
      <Filter>Source Files</Filter>
    </ClInclude>
    <ClInclude Include="..\..\thirdparty\curl\lib\fileinfo.h">
      <Filter>Source Files</Filter>
    </ClInclude>
    <ClInclude Include="..\..\thirdparty\curl\lib\formdata.h">
      <Filter>Source Files</Filter>
    </ClInclude>
    <ClInclude Include="..\..\thirdparty\curl\lib\ftp.h">
      <Filter>Source Files</Filter>
    </ClInclude>
    <ClInclude Include="..\..\thirdparty\curl\lib\ftplistparser.h">
      <Filter>Source Files</Filter>
    </ClInclude>
    <ClInclude Include="..\..\thirdparty\curl\lib\getinfo.h">
      <Filter>Source Files</Filter>
    </ClInclude>
    <ClInclude Include="..\..\thirdparty\curl\lib\gopher.h">
      <Filter>Source Files</Filter>
    </ClInclude>
    <ClInclude Include="..\..\thirdparty\curl\lib\hash.h">
      <Filter>Source Files</Filter>
    </ClInclude>
    <ClInclude Include="..\..\thirdparty\curl\lib\hostcheck.h">
      <Filter>Source Files</Filter>
    </ClInclude>
    <ClInclude Include="..\..\thirdparty\curl\lib\hostip.h">
      <Filter>Source Files</Filter>
    </ClInclude>
    <ClInclude Include="..\..\thirdparty\curl\lib\http.h">
      <Filter>Source Files</Filter>
    </ClInclude>
    <ClInclude Include="..\..\thirdparty\curl\lib\http2.h">
      <Filter>Source Files</Filter>
    </ClInclude>
    <ClInclude Include="..\..\thirdparty\curl\lib\http_chunks.h">
      <Filter>Source Files</Filter>
    </ClInclude>
    <ClInclude Include="..\..\thirdparty\curl\lib\http_digest.h">
      <Filter>Source Files</Filter>
    </ClInclude>
    <ClInclude Include="..\..\thirdparty\curl\lib\http_negotiate.h">
      <Filter>Source Files</Filter>
    </ClInclude>
    <ClInclude Include="..\..\thirdparty\curl\lib\http_ntlm.h">
      <Filter>Source Files</Filter>
    </ClInclude>
    <ClInclude Include="..\..\thirdparty\curl\lib\http_proxy.h">
      <Filter>Source Files</Filter>
    </ClInclude>
    <ClInclude Include="..\..\thirdparty\curl\lib\if2ip.h">
      <Filter>Source Files</Filter>
    </ClInclude>
    <ClInclude Include="..\..\thirdparty\curl\lib\imap.h">
      <Filter>Source Files</Filter>
    </ClInclude>
    <ClInclude Include="..\..\thirdparty\curl\lib\inet_ntop.h">
      <Filter>Source Files</Filter>
    </ClInclude>
    <ClInclude Include="..\..\thirdparty\curl\lib\inet_pton.h">
      <Filter>Source Files</Filter>
    </ClInclude>
    <ClInclude Include="..\..\thirdparty\curl\lib\llist.h">
      <Filter>Source Files</Filter>
    </ClInclude>
    <ClInclude Include="..\..\thirdparty\curl\lib\memdebug.h">
      <Filter>Source Files</Filter>
    </ClInclude>
    <ClInclude Include="..\..\thirdparty\curl\lib\mime.h">
      <Filter>Source Files</Filter>
    </ClInclude>
    <ClInclude Include="..\..\thirdparty\curl\lib\multihandle.h">
      <Filter>Source Files</Filter>
    </ClInclude>
    <ClInclude Include="..\..\thirdparty\curl\lib\multiif.h">
      <Filter>Source Files</Filter>
    </ClInclude>
    <ClInclude Include="..\..\thirdparty\curl\lib\netrc.h">
      <Filter>Source Files</Filter>
    </ClInclude>
    <ClInclude Include="..\..\thirdparty\curl\lib\non-ascii.h">
      <Filter>Source Files</Filter>
    </ClInclude>
    <ClInclude Include="..\..\thirdparty\curl\lib\nonblock.h">
      <Filter>Source Files</Filter>
    </ClInclude>
    <ClInclude Include="..\..\thirdparty\curl\lib\parsedate.h">
      <Filter>Source Files</Filter>
    </ClInclude>
    <ClInclude Include="..\..\thirdparty\curl\lib\pingpong.h">
      <Filter>Source Files</Filter>
    </ClInclude>
    <ClInclude Include="..\..\thirdparty\curl\lib\pop3.h">
      <Filter>Source Files</Filter>
    </ClInclude>
    <ClInclude Include="..\..\thirdparty\curl\lib\progress.h">
      <Filter>Source Files</Filter>
    </ClInclude>
    <ClInclude Include="..\..\thirdparty\curl\lib\psl.h">
      <Filter>Source Files</Filter>
    </ClInclude>
    <ClInclude Include="..\..\thirdparty\curl\lib\rand.h">
      <Filter>Source Files</Filter>
    </ClInclude>
    <ClInclude Include="..\..\thirdparty\curl\lib\rtsp.h">
      <Filter>Source Files</Filter>
    </ClInclude>
    <ClInclude Include="..\..\thirdparty\curl\lib\select.h">
      <Filter>Source Files</Filter>
    </ClInclude>
    <ClInclude Include="..\..\thirdparty\curl\lib\sendf.h">
      <Filter>Source Files</Filter>
    </ClInclude>
    <ClInclude Include="..\..\thirdparty\curl\lib\setopt.h">
      <Filter>Source Files</Filter>
    </ClInclude>
    <ClInclude Include="..\..\thirdparty\curl\lib\setup-os400.h">
      <Filter>Source Files</Filter>
    </ClInclude>
    <ClInclude Include="..\..\thirdparty\curl\lib\setup-vms.h">
      <Filter>Source Files</Filter>
    </ClInclude>
    <ClInclude Include="..\..\thirdparty\curl\lib\share.h">
      <Filter>Source Files</Filter>
    </ClInclude>
    <ClInclude Include="..\..\thirdparty\curl\lib\sigpipe.h">
      <Filter>Source Files</Filter>
    </ClInclude>
    <ClInclude Include="..\..\thirdparty\curl\lib\slist.h">
      <Filter>Source Files</Filter>
    </ClInclude>
    <ClInclude Include="..\..\thirdparty\curl\lib\smb.h">
      <Filter>Source Files</Filter>
    </ClInclude>
    <ClInclude Include="..\..\thirdparty\curl\lib\smtp.h">
      <Filter>Source Files</Filter>
    </ClInclude>
    <ClInclude Include="..\..\thirdparty\curl\lib\sockaddr.h">
      <Filter>Source Files</Filter>
    </ClInclude>
    <ClInclude Include="..\..\thirdparty\curl\lib\socks.h">
      <Filter>Source Files</Filter>
    </ClInclude>
    <ClInclude Include="..\..\thirdparty\curl\lib\speedcheck.h">
      <Filter>Source Files</Filter>
    </ClInclude>
    <ClInclude Include="..\..\thirdparty\curl\lib\splay.h">
      <Filter>Source Files</Filter>
    </ClInclude>
    <ClInclude Include="..\..\thirdparty\curl\lib\strcase.h">
      <Filter>Source Files</Filter>
    </ClInclude>
    <ClInclude Include="..\..\thirdparty\curl\lib\strdup.h">
      <Filter>Source Files</Filter>
    </ClInclude>
    <ClInclude Include="..\..\thirdparty\curl\lib\strerror.h">
      <Filter>Source Files</Filter>
    </ClInclude>
    <ClInclude Include="..\..\thirdparty\curl\lib\strtok.h">
      <Filter>Source Files</Filter>
    </ClInclude>
    <ClInclude Include="..\..\thirdparty\curl\lib\strtoofft.h">
      <Filter>Source Files</Filter>
    </ClInclude>
    <ClInclude Include="..\..\thirdparty\curl\lib\system_win32.h">
      <Filter>Source Files</Filter>
    </ClInclude>
    <ClInclude Include="..\..\thirdparty\curl\lib\telnet.h">
      <Filter>Source Files</Filter>
    </ClInclude>
    <ClInclude Include="..\..\thirdparty\curl\lib\tftp.h">
      <Filter>Source Files</Filter>
    </ClInclude>
    <ClInclude Include="..\..\thirdparty\curl\lib\timeval.h">
      <Filter>Source Files</Filter>
    </ClInclude>
    <ClInclude Include="..\..\thirdparty\curl\lib\transfer.h">
      <Filter>Source Files</Filter>
    </ClInclude>
    <ClInclude Include="..\..\thirdparty\curl\lib\url.h">
      <Filter>Source Files</Filter>
    </ClInclude>
    <ClInclude Include="..\..\thirdparty\curl\lib\urlapi-int.h">
      <Filter>Source Files</Filter>
    </ClInclude>
    <ClInclude Include="..\..\thirdparty\curl\lib\urldata.h">
      <Filter>Source Files</Filter>
    </ClInclude>
    <ClInclude Include="..\..\thirdparty\curl\lib\warnless.h">
      <Filter>Source Files</Filter>
    </ClInclude>
    <ClInclude Include="..\..\thirdparty\curl\lib\wildcard.h">
      <Filter>Source Files</Filter>
    </ClInclude>
    <ClInclude Include="..\..\thirdparty\curl\lib\x509asn1.h">
      <Filter>Source Files</Filter>
    </ClInclude>
    <ClInclude Include="..\..\thirdparty\curl\lib\vtls\gskit.h">
      <Filter>Source Files\vtls</Filter>
    </ClInclude>
    <ClInclude Include="..\..\thirdparty\curl\lib\vtls\gtls.h">
      <Filter>Source Files\vtls</Filter>
    </ClInclude>
    <ClInclude Include="..\..\thirdparty\curl\lib\vtls\mbedtls.h">
      <Filter>Source Files\vtls</Filter>
    </ClInclude>
    <ClInclude Include="..\..\thirdparty\curl\lib\vtls\mesalink.h">
      <Filter>Source Files\vtls</Filter>
    </ClInclude>
    <ClInclude Include="..\..\thirdparty\curl\lib\vtls\nssg.h">
      <Filter>Source Files\vtls</Filter>
    </ClInclude>
    <ClInclude Include="..\..\thirdparty\curl\lib\vtls\openssl.h">
      <Filter>Source Files\vtls</Filter>
    </ClInclude>
    <ClInclude Include="..\..\thirdparty\curl\lib\vtls\polarssl.h">
      <Filter>Source Files\vtls</Filter>
    </ClInclude>
    <ClInclude Include="..\..\thirdparty\curl\lib\vtls\polarssl_threadlock.h">
      <Filter>Source Files\vtls</Filter>
    </ClInclude>
    <ClInclude Include="..\..\thirdparty\curl\lib\vtls\schannel.h">
      <Filter>Source Files\vtls</Filter>
    </ClInclude>
    <ClInclude Include="..\..\thirdparty\curl\lib\vtls\sectransp.h">
      <Filter>Source Files\vtls</Filter>
    </ClInclude>
    <ClInclude Include="..\..\thirdparty\curl\lib\vtls\vtls.h">
      <Filter>Source Files\vtls</Filter>
    </ClInclude>
    <ClInclude Include="..\..\thirdparty\curl\lib\vauth\digest.h">
      <Filter>Source Files\vauth</Filter>
    </ClInclude>
    <ClInclude Include="..\..\thirdparty\curl\lib\vauth\ntlm.h">
      <Filter>Source Files\vauth</Filter>
    </ClInclude>
    <ClInclude Include="..\..\thirdparty\curl\lib\vauth\vauth.h">
      <Filter>Source Files\vauth</Filter>
    </ClInclude>
    <ClInclude Include="..\..\thirdparty\curl\include\curl\curl.h">
      <Filter>Header Files</Filter>
    </ClInclude>
    <ClInclude Include="..\..\thirdparty\curl\include\curl\curlver.h">
      <Filter>Header Files</Filter>
    </ClInclude>
    <ClInclude Include="..\..\thirdparty\curl\include\curl\easy.h">
      <Filter>Header Files</Filter>
    </ClInclude>
    <ClInclude Include="..\..\thirdparty\curl\include\curl\mprintf.h">
      <Filter>Header Files</Filter>
    </ClInclude>
    <ClInclude Include="..\..\thirdparty\curl\include\curl\multi.h">
      <Filter>Header Files</Filter>
    </ClInclude>
    <ClInclude Include="..\..\thirdparty\curl\include\curl\stdcheaders.h">
      <Filter>Header Files</Filter>
    </ClInclude>
    <ClInclude Include="..\..\thirdparty\curl\include\curl\system.h">
      <Filter>Header Files</Filter>
    </ClInclude>
    <ClInclude Include="..\..\thirdparty\curl\include\curl\typecheck-gcc.h">
      <Filter>Header Files</Filter>
    </ClInclude>
    <ClInclude Include="..\..\thirdparty\curl\include\curl\urlapi.h">
      <Filter>Header Files</Filter>
    </ClInclude>
    <ClInclude Include="..\..\thirdparty\curl\lib\config-plan9.h">
      <Filter>Source Files</Filter>
    </ClInclude>
    <ClInclude Include="..\..\thirdparty\curl\lib\curl_get_line.h">
      <Filter>Source Files</Filter>
    </ClInclude>
    <ClInclude Include="..\..\thirdparty\curl\lib\quic.h">
      <Filter>Source Files</Filter>
    </ClInclude>
    <ClInclude Include="..\..\thirdparty\curl\lib\vtls\wolfssl.h">
      <Filter>Source Files\vtls</Filter>
    </ClInclude>
  </ItemGroup>
  <ItemGroup>
    <None Include="..\..\thirdparty\curl\lib\firefox-db2pem.sh">
      <Filter>Source Files</Filter>
    </None>
  </ItemGroup>
  <ItemGroup>
    <ResourceCompile Include="..\..\thirdparty\curl\lib\libcurl.rc">
      <Filter>Resource Files</Filter>
    </ResourceCompile>
  </ItemGroup>
</Project>