<?xml version="1.0" encoding="utf-8"?>
<Project ToolsVersion="4.0" xmlns="http://schemas.microsoft.com/developer/msbuild/2003">
  <ItemGroup>
    <Filter Include="include">
      <UniqueIdentifier>{caf3b8dc-8a83-4152-96e4-e668e0551590}</UniqueIdentifier>
    </Filter>
    <Filter Include="source">
      <UniqueIdentifier>{83f98411-8954-47ad-8f87-fdb52942d9ed}</UniqueIdentifier>
    </Filter>
  </ItemGroup>
  <ItemGroup>
    <ClInclude Include="..\..\include\mupdf\helpers\pkcs7-check.h">
      <Filter>include</Filter>
    </ClInclude>
    <ClInclude Include="..\..\include\mupdf\helpers\pkcs7-openssl.h">
      <Filter>include</Filter>
    </ClInclude>
  </ItemGroup>
  <ItemGroup>
    <ClCompile Include="..\..\source\helpers\pkcs7\pkcs7-check.c">
      <Filter>source</Filter>
    </ClCompile>
    <ClCompile Include="..\..\source\helpers\pkcs7\pkcs7-openssl.c">
      <Filter>source</Filter>
    </ClCompile>
  </ItemGroup>
</Project>